
Microsoft Visual Studio Solution File, Format Version 12.00
# Visual Studio Version 17
VisualStudioVersion = 17.11.35303.130
MinimumVisualStudioVersion = 10.0.40219.1
Project("{FAE04EC0-301F-11D3-BF4B-00C04F79EFBC}") = "MauiApp6", "MauiApp6\MauiApp6.csproj", "{6AA3098D-04B9-44E0-A6D9-1E6EF468A40E}"
EndProject
Global
	GlobalSection(SolutionConfigurationPlatforms) = preSolution
		Debug|Any CPU = Debug|Any CPU
		Release|Any CPU = Release|Any CPU
	EndGlobalSection
	GlobalSection(ProjectConfigurationPlatforms) = postSolution
		{6AA3098D-04B9-44E0-A6D9-1E6EF468A40E}.Debug|Any CPU.ActiveCfg = Debug|Any CPU
		{6AA3098D-04B9-44E0-A6D9-1E6EF468A40E}.Debug|Any CPU.Build.0 = Debug|Any CPU
		{6AA3098D-04B9-44E0-A6D9-1E6EF468A40E}.Debug|Any CPU.Deploy.0 = Debug|Any CPU
		{6AA3098D-04B9-44E0-A6D9-1E6EF468A40E}.Release|Any CPU.ActiveCfg = Release|Any CPU
		{6AA3098D-04B9-44E0-A6D9-1E6EF468A40E}.Release|Any CPU.Build.0 = Release|Any CPU
		{6AA3098D-04B9-44E0-A6D9-1E6EF468A40E}.Release|Any CPU.Deploy.0 = Release|Any CPU
	EndGlobalSection
	GlobalSection(SolutionProperties) = preSolution
		HideSolutionNode = FALSE
	EndGlobalSection
	GlobalSection(ExtensibilityGlobals) = postSolution
		SolutionGuid = {B4296C5D-6C89-4899-B2A0-B3B7AF2648E1}
	EndGlobalSection
EndGlobal
